[[package]]
category = "main"
description = "Async http client/server framework (asyncio)"
name = "aiohttp"
optional = false
python-versions = ">=3.5.3"
version = "3.5.4"

[package.dependencies]
async-timeout = ">=3.0,<4.0"
attrs = ">=17.3.0"
chardet = ">=2.0,<4.0"
multidict = ">=4.0,<5.0"
yarl = ">=1.0,<2.0"

[[package]]
category = "main"
description = "Timeout context manager for asyncio programs"
name = "async-timeout"
optional = false
python-versions = ">=3.5.3"
version = "3.0.1"

[[package]]
category = "main"
description = "reference implementation of PEP 3156"
name = "asyncio"
optional = false
python-versions = "*"
version = "3.4.3"

[[package]]
category = "main"
description = "Classes Without Boilerplate"
name = "attrs"
optional = false
python-versions = ">=2.7, !=3.0.*, !=3.1.*, !=3.2.*, !=3.3.*"
version = "19.3.0"

[[package]]
category = "main"
description = "Extensible memoizing collections and decorators"
name = "cachetools"
optional = false
python-versions = "~=3.5"
version = "4.0.0"

[[package]]
category = "main"
description = "Python package for providing Mozilla's CA Bundle."
name = "certifi"
optional = false
python-versions = "*"
version = "2019.11.28"

[[package]]
category = "main"
description = "Foreign Function Interface for Python calling C code."
name = "cffi"
optional = false
python-versions = "*"
version = "1.13.2"

[package.dependencies]
pycparser = "*"

[[package]]
category = "main"
description = "Universal encoding detector for Python 2 and 3"
name = "chardet"
optional = false
python-versions = "*"
version = "3.0.4"

[[package]]
category = "main"
description = "A python wrapper for the Discord API"
name = "discord.py"
optional = false
python-versions = ">=3.5.3"
version = "1.2.5"

[package.dependencies]
PyNaCl = "1.3.0"
aiohttp = ">=3.3.0,<3.6.0"
websockets = ">=6.0,<7.0"

[[package]]
category = "main"
description = "Google API Client Library for Python"
name = "google-api-python-client"
optional = false
python-versions = ">=2.7,!=3.0.*,!=3.1.*,!=3.2.*,!=3.3.*"
version = "1.7.11"

[package.dependencies]
google-auth = ">=1.4.1"
google-auth-httplib2 = ">=0.0.3"
httplib2 = ">=0.9.2,<1dev"
six = ">=1.6.1,<2dev"
uritemplate = ">=3.0.0,<4dev"

[[package]]
category = "main"
description = "Google Authentication Library"
name = "google-auth"
optional = false
python-versions = ">=2.7,!=3.0.*,!=3.1.*,!=3.2.*,!=3.3.*"
version = "1.11.0"

[package.dependencies]
cachetools = ">=2.0.0,<5.0"
pyasn1-modules = ">=0.2.1"
rsa = ">=3.1.4,<4.1"
setuptools = ">=40.3.0"
six = ">=1.9.0"

[[package]]
category = "main"
description = "Google Authentication Library: httplib2 transport"
name = "google-auth-httplib2"
optional = false
python-versions = "*"
version = "0.0.3"

[package.dependencies]
google-auth = "*"
httplib2 = ">=0.9.1"

[[package]]
category = "main"
description = "A comprehensive HTTP client library."
name = "httplib2"
optional = false
python-versions = "*"
version = "0.17.0"

[[package]]
category = "main"
description = "Internationalized Domain Names in Applications (IDNA)"
name = "idna"
optional = false
python-versions = ">=2.7, !=3.0.*, !=3.1.*, !=3.2.*, !=3.3.*"
version = "2.8"

[[package]]
category = "main"
description = "multidict implementation"
name = "multidict"
optional = false
python-versions = ">=3.5"
version = "4.7.4"

[[package]]
category = "main"
description = "OAuth 2.0 client library"
name = "oauth2client"
optional = false
python-versions = "*"
version = "4.1.3"

[package.dependencies]
httplib2 = ">=0.9.1"
pyasn1 = ">=0.1.7"
pyasn1-modules = ">=0.0.5"
rsa = ">=3.1.4"
six = ">=1.6.1"

[[package]]
category = "main"
description = "PRAW, an acronym for `Python Reddit API Wrapper`, is a python package that allows for simple access to reddit's API."
name = "praw"
optional = false
python-versions = ">=3.5"
version = "6.5.1"

[package.dependencies]
prawcore = ">=1.0.1,<2.0"
update-checker = ">=0.16"
websocket-client = ">=0.54.0"

[[package]]
category = "main"
description = "Low-level communication layer for PRAW 4+."
name = "prawcore"
optional = false
python-versions = "*"
version = "1.0.1"

[package.dependencies]
requests = ">=2.6.0,<3.0"

[[package]]
category = "main"
description = "ASN.1 types and codecs"
name = "pyasn1"
optional = false
python-versions = "*"
version = "0.4.8"

[[package]]
category = "main"
description = "A collection of ASN.1-based protocols modules."
name = "pyasn1-modules"
optional = false
python-versions = "*"
version = "0.2.8"

[package.dependencies]
pyasn1 = ">=0.4.6,<0.5.0"

[[package]]
category = "main"
description = "C parser in Python"
name = "pycparser"
optional = false
python-versions = ">=2.7, !=3.0.*, !=3.1.*, !=3.2.*, !=3.3.*"
version = "2.19"

[[package]]
category = "main"
description = "Python binding to the Networking and Cryptography (NaCl) library"
name = "pynacl"
optional = false
python-versions = "*"
version = "1.3.0"

[package.dependencies]
cffi = ">=1.4.1"
six = "*"

[[package]]
category = "main"
description = "Python 3 compatible Pytohn 2 `random` Module."
name = "random2"
optional = false
python-versions = "*"
version = "1.0.1"

[[package]]
category = "main"
description = "Python HTTP for Humans."
name = "requests"
optional = false
python-versions = ">=2.7, !=3.0.*, !=3.1.*, !=3.2.*, !=3.3.*, !=3.4.*"
version = "2.22.0"

[package.dependencies]
certifi = ">=2017.4.17"
chardet = ">=3.0.2,<3.1.0"
idna = ">=2.5,<2.9"
urllib3 = ">=1.21.1,<1.25.0 || >1.25.0,<1.25.1 || >1.25.1,<1.26"

[[package]]
category = "main"
description = "Pure-Python RSA implementation"
name = "rsa"
optional = false
python-versions = "*"
version = "4.0"

[package.dependencies]
pyasn1 = ">=0.1.3"

[[package]]
category = "main"
description = "A simple, safe single expression evaluator library."
name = "simpleeval"
optional = false
python-versions = "*"
version = "0.9.10"

[[package]]
category = "main"
description = "Python 2 and 3 compatibility utilities"
name = "six"
optional = false
python-versions = ">=2.7, !=3.0.*, !=3.1.*, !=3.2.*"
version = "1.14.0"

[[package]]
category = "main"
description = "A python module that will check for package updates."
name = "update-checker"
optional = false
python-versions = "*"
version = "0.16"

[package.dependencies]
requests = ">=2.3.0"

[[package]]
category = "main"
description = "URI templates"
name = "uritemplate"
optional = false
python-versions = ">=2.7, !=3.0.*, !=3.1.*, !=3.2.*, !=3.3.*"
version = "3.0.1"

[[package]]
category = "main"
description = "HTTP library with thread-safe connection pooling, file post, and more."
name = "urllib3"
optional = false
python-versions = ">=2.7, !=3.0.*, !=3.1.*, !=3.2.*, !=3.3.*, !=3.4.*, <4"
version = "1.25.8"

[[package]]
category = "main"
description = "WebSocket client for Python. hybi13 is supported."
name = "websocket-client"
optional = false
python-versions = ">=2.6, !=3.0.*, !=3.1.*, !=3.2.*, !=3.3.*"
version = "0.57.0"

[package.dependencies]
six = "*"

[[package]]
category = "main"
description = "An implementation of the WebSocket Protocol (RFC 6455 & 7692)"
name = "websockets"
optional = false
python-versions = ">=3.4"
version = "6.0"

[[package]]
category = "main"
description = "Yet another URL library"
name = "yarl"
optional = false
python-versions = ">=3.5"
version = "1.4.2"

[package.dependencies]
idna = ">=2.0"
multidict = ">=4.0"

[[package]]
category = "main"
description = "YouTube video downloader"
name = "youtube-dl"
optional = false
python-versions = "*"
version = "2020.1.24"

[metadata]
content-hash = "e29595bc93ad882ca7df0bf2c02e031d0bae5011292295192de59fb41d5c6b96"
python-versions = "^3.7"

[metadata.hashes]
aiohttp = ["00d198585474299c9c3b4f1d5de1a576cc230d562abc5e4a0e81d71a20a6ca55", "0155af66de8c21b8dba4992aaeeabf55503caefae00067a3b1139f86d0ec50ed", "09654a9eca62d1bd6d64aa44db2498f60a5c1e0ac4750953fdd79d5c88955e10", "199f1d106e2b44b6dacdf6f9245493c7d716b01d0b7fbe1959318ba4dc64d1f5", "296f30dedc9f4b9e7a301e5cc963012264112d78a1d3094cd83ef148fdf33ca1", "368ed312550bd663ce84dc4b032a962fcb3c7cae099dbbd48663afc305e3b939", "40d7ea570b88db017c51392349cf99b7aefaaddd19d2c78368aeb0bddde9d390", "629102a193162e37102c50713e2e31dc9a2fe7ac5e481da83e5bb3c0cee700aa", "6d5ec9b8948c3d957e75ea14d41e9330e1ac3fed24ec53766c780f82805140dc", "87331d1d6810214085a50749160196391a712a13336cd02ce1c3ea3d05bcf8d5", "9a02a04bbe581c8605ac423ba3a74999ec9d8bce7ae37977a3d38680f5780b6d", "9c4c83f4fa1938377da32bc2d59379025ceeee8e24b89f72fcbccd8ca22dc9bf", "9cddaff94c0135ee627213ac6ca6d05724bfe6e7a356e5e09ec57bd3249510f6", "a25237abf327530d9561ef751eef9511ab56fd9431023ca6f4803f1994104d72", "a5cbd7157b0e383738b8e29d6e556fde8726823dae0e348952a61742b21aeb12", "a97a516e02b726e089cffcde2eea0d3258450389bbac48cbe89e0f0b6e7b0366", "acc89b29b5f4e2332d65cd1b7d10c609a75b88ef8925d487a611ca788432dfa4", "b05bd85cc99b06740aad3629c2585bda7b83bd86e080b44ba47faf905fdf1300", "c2bec436a2b5dafe5eaeb297c03711074d46b6eb236d002c13c42f25c4a8ce9d", "cc619d974c8c11fe84527e4b5e1c07238799a8c29ea1c1285149170524ba9303", "d4392defd4648badaa42b3e101080ae3313e8f4787cb517efd3f5b8157eaefd6", "e1c3c582ee11af7f63a34a46f0448fca58e59889396ffdae1f482085061a2889"]
async-timeout = ["0c3c816a028d47f659d6ff5c745cb2acf1f966da1fe5c19c77a70282b25f4c5f", "4291ca197d287d274d0b6cb5d6f8f8f82d434ed288f962539ff18cc9012f9ea3"]
asyncio = ["83360ff8bc97980e4ff25c964c7bd3923d333d177aa4f7fb736b019f26c7cb41", "b62c9157d36187eca799c378e572c969f0da87cd5fc42ca372d92cdb06e7e1de", "c46a87b48213d7464f22d9a497b9eef8c1928b68320a2fa94240f969f6fec08c", "c4d18b22701821de07bd6aea8b53d21449ec0ec5680645e5317062ea21817d2d"]
attrs = ["08a96c641c3a74e44eb59afb61a24f2cb9f4d7188748e76ba4bb5edfa3cb7d1c", "f7b7ce16570fe9965acd6d30101a28f62fb4a7f9e926b3bbc9b61f8b04247e72"]
cachetools = ["9a52dd97a85f257f4e4127f15818e71a0c7899f121b34591fcc1173ea79a0198", "b304586d357c43221856be51d73387f93e2a961598a9b6b6670664746f3b6c6c"]
certifi = ["017c25db2a153ce562900032d5bc68e9f191e44e9a0f762f373977de9df1fbb3", "25b64c7da4cd7479594d035c08c2d809eb4aab3a26e5a990ea98cc450c320f1f"]
cffi = ["0b49274afc941c626b605fb59b59c3485c17dc776dc3cc7cc14aca74cc19cc42", "0e3ea92942cb1168e38c05c1d56b0527ce31f1a370f6117f1d490b8dcd6b3a04", "135f69aecbf4517d5b3d6429207b2dff49c876be724ac0c8bf8e1ea99df3d7e5", "19db0cdd6e516f13329cba4903368bff9bb5a9331d3410b1b448daaadc495e54", "2781e9ad0e9d47173c0093321bb5435a9dfae0ed6a762aabafa13108f5f7b2ba", "291f7c42e21d72144bb1c1b2e825ec60f46d0a7468f5346841860454c7aa8f57", "2c5e309ec482556397cb21ede0350c5e82f0eb2621de04b2633588d118da4396", "2e9c80a8c3344a92cb04661115898a9129c074f7ab82011ef4b612f645939f12", "32a262e2b90ffcfdd97c7a5e24a6012a43c61f1f5a57789ad80af1d26c6acd97", "3c9fff570f13480b201e9ab69453108f6d98244a7f495e91b6c654a47486ba43", "415bdc7ca8c1c634a6d7163d43fb0ea885a07e9618a64bda407e04b04333b7db", "42194f54c11abc8583417a7cf4eaff544ce0de8187abaf5d29029c91b1725ad3", "4424e42199e86b21fc4db83bd76909a6fc2a2aefb352cb5414833c030f6ed71b", "4a43c91840bda5f55249413037b7a9b79c90b1184ed504883b72c4df70778579", "599a1e8ff057ac530c9ad1778293c665cb81a791421f46922d80a86473c13346", "5c4fae4e9cdd18c82ba3a134be256e98dc0596af1e7285a3d2602c97dcfa5159", "5ecfa867dea6fabe2a58f03ac9186ea64da1386af2159196da51c4904e11d652", "62f2578358d3a92e4ab2d830cd1c2049c9c0d0e6d3c58322993cc341bdeac22e", "6471a82d5abea994e38d2c2abc77164b4f7fbaaf80261cb98394d5793f11b12a", "6d4f18483d040e18546108eb13b1dfa1000a089bcf8529e30346116ea6240506", "71a608532ab3bd26223c8d841dde43f3516aa5d2bf37b50ac410bb5e99053e8f", "74a1d8c85fb6ff0b30fbfa8ad0ac23cd601a138f7509dc617ebc65ef305bb98d", "7b93a885bb13073afb0aa73ad82059a4c41f4b7d8eb8368980448b52d4c7dc2c", "7d4751da932caaec419d514eaa4215eaf14b612cff66398dd51129ac22680b20", "7f627141a26b551bdebbc4855c1157feeef18241b4b8366ed22a5c7d672ef858", "8169cf44dd8f9071b2b9248c35fc35e8677451c52f795daa2bb4643f32a540bc", "aa00d66c0fab27373ae44ae26a66a9e43ff2a678bf63a9c7c1a9a4d61172827a", "ccb032fda0873254380aa2bfad2582aedc2959186cce61e3a17abc1a55ff89c3", "d754f39e0d1603b5b24a7f8484b22d2904fa551fe865fd0d4c3332f078d20d4e", "d75c461e20e29afc0aee7172a0950157c704ff0dd51613506bd7d82b718e7410", "dcd65317dd15bc0451f3e01c80da2216a31916bdcffd6221ca1202d96584aa25", "e570d3ab32e2c2861c4ebe6ffcad6a8abf9347432a37608fe1fbd157b3f0036b", "fd43a88e045cf992ed09fa724b5315b790525f2676883a6ea64e3263bae6549d"]
chardet = ["84ab92ed1c4d4f16916e05906b6b75a6c0fb5db821cc65e70cbd64a3e2a5eaae", "fc323ffcaeaed0e0a02bf4d117757b98aed530d9ed4531e3e15460124c106691"]
"discord.py" = ["7c843b523bb011062b453864e75c7b675a03faf573c58d14c9f096e85984329d"]
google-api-python-client = ["3121d55d106ef1a2756e8074239512055bd99eb44da417b3dd680f9a1385adec", "a8a88174f66d92aed7ebbd73744c2c319b4b1ce828e565f9ec721352d2e2fb8c"]
google-auth = ["44549e69ac39acf41fdf47f3f39a06e4e68378476806760d94a2c6a361b2bb06", "b2d83edc02a9deeed9b1b839046671fd9eda223d21bd2dd50051559787032fd8"]
google-auth-httplib2 = ["098fade613c25b4527b2c08fa42d11f3c2037dda8995d86de0745228e965d445", "f1c437842155680cf9918df9bc51c1182fda41feef88c34004bd1978c8157e08"]
httplib2 = ["79751cc040229ec896aa01dced54de0cd0bf042f928e84d5761294422dde4454", "de96d0a49f46d0ee7e0aae80141d37b8fcd6a68fb05d02e0b82c128592dd8261"]
idna = ["c357b3f628cf53ae2c4c05627ecc484553142ca23264e593d327bcde5e9c3407", "ea8b7f6188e6fa117537c3df7da9fc686d485087abf6ac197f9c46432f7e4a3c"]
multidict = ["13f3ebdb5693944f52faa7b2065b751cb7e578b8dd0a5bb8e4ab05ad0188b85e", "26502cefa86d79b86752e96639352c7247846515c864d7c2eb85d036752b643c", "4fba5204d32d5c52439f88437d33ad14b5f228e25072a192453f658bddfe45a7", "527124ef435f39a37b279653ad0238ff606b58328ca7989a6df372fd75d7fe26", "5414f388ffd78c57e77bd253cf829373721f450613de53dc85a08e34d806e8eb", "5eee66f882ab35674944dfa0d28b57fa51e160b4dce0ce19e47f495fdae70703", "63810343ea07f5cd86ba66ab66706243a6f5af075eea50c01e39b4ad6bc3c57a", "6bd10adf9f0d6a98ccc792ab6f83d18674775986ba9bacd376b643fe35633357", "83c6ddf0add57c6b8a7de0bc7e2d656be3eefeff7c922af9a9aae7e49f225625", "93166e0f5379cf6cd29746989f8a594fa7204dcae2e9335ddba39c870a287e1c", "9a7b115ee0b9b92d10ebc246811d8f55d0c57e82dbb6a26b23c9a9a6ad40ce0c", "a38baa3046cce174a07a59952c9f876ae8875ef3559709639c17fdf21f7b30dd", "a6d219f49821f4b2c85c6d426346a5d84dab6daa6f85ca3da6c00ed05b54022d", "a8ed33e8f9b67e3b592c56567135bb42e7e0e97417a4b6a771e60898dfd5182b", "d7d428488c67b09b26928950a395e41cc72bb9c3d5abfe9f0521940ee4f796d4", "dcfed56aa085b89d644af17442cdc2debaa73388feba4b8026446d168ca8dad7", "f29b885e4903bd57a7789f09fe9d60b6475a6c1a4c0eca874d8558f00f9d4b51"]
oauth2client = ["b8a81cc5d60e2d364f0b1b98f958dbd472887acaf1a5b05e21c28c31a2d6d3ac", "d486741e451287f69568a4d26d70d9acd73a2bbfa275746c535b4209891cccc6"]
praw = ["252246f8ea2ae6fba59bbf45de3fed568a80c086bca66747a2745dff5e11df4a", "544904cb821afff43c22e2dad4245658d41135d84b3a9463a5e29dd132da6efe"]
prawcore = ["25dd14bf121bc0ad2ffc78e2322d9a01a516017105a5596cc21bb1e9a928b40c", "ab5558efb438aa73fc66c4178bfc809194dea3ce2addf4dec873de7e2fd2824e"]
pyasn1 = ["014c0e9976956a08139dc0712ae195324a75e142284d5f87f1a87ee1b068a359", "03840c999ba71680a131cfaee6fab142e1ed9bbd9c693e285cc6aca0d555e576", "0458773cfe65b153891ac249bcf1b5f8f320b7c2ce462151f8fa74de8934becf", "08c3c53b75eaa48d71cf8c710312316392ed40899cb34710d092e96745a358b7", "39c7e2ec30515947ff4e87fb6f456dfc6e84857d34be479c9d4a4ba4bf46aa5d", "5c9414dcfede6e441f7e8f81b43b34e834731003427e5b09e4e00e3172a10f00", "6e7545f1a61025a4e58bb336952c5061697da694db1cae97b116e9c46abcf7c8", "78fa6da68ed2727915c4767bb386ab32cdba863caa7dbe473eaae45f9959da86", "7ab8a544af125fb704feadb008c99a88805126fb525280b2270bb25cc1d78a12", "99fcc3c8d804d1bc6d9a099921e39d827026409a58f2a720dcdb89374ea0c776", "aef77c9fb94a3ac588e87841208bdec464471d9871bd5050a287cc9a475cd0ba", "e89bf84b5437b532b0803ba5c9a5e054d21fec423a89952a74f87fa2c9b7bce2", "fec3e9d8e36808a28efb59b489e4528c10ad0f480e57dcc32b4de5c9d8c9fdf3"]
pyasn1-modules = ["0845a5582f6a02bb3e1bde9ecfc4bfcae6ec3210dd270522fee602365430c3f8", "0fe1b68d1e486a1ed5473f1302bd991c1611d319bba158e98b106ff86e1d7199", "15b7c67fabc7fc240d87fb9aabf999cf82311a6d6fb2c70d00d3d0604878c811", "426edb7a5e8879f1ec54a1864f16b882c2837bfd06eee62f2c982315ee2473ed", "65cebbaffc913f4fe9e4808735c95ea22d7a7775646ab690518c056784bc21b4", "905f84c712230b2c592c19470d3ca8d552de726050d1d1716282a1f6146be65e", "a50b808ffeb97cb3601dd25981f6b016cbb3d31fbf57a8b8a87428e6158d0c74", "a99324196732f53093a84c4369c996713eb8c89d360a496b599fb1a9c47fc3eb", "b80486a6c77252ea3a3e9b1e360bc9cf28eaac41263d173c032581ad2f20fe45", "c29a5e5cc7a3f05926aff34e097e84f8589cd790ce0ed41b67aed6857b26aafd", "cbac4bc38d117f2a49aeedec4407d23e8866ea4ac27ff2cf7fb3e5b570df19e0", "f39edd8c4ecaa4556e989147ebf219227e2cd2e8a43c7e7fcb1f1c18c5fd6a3d", "fe0644d9ab041506b62782e92b06b8c68cca799e1a9636ec398675459e031405"]
pycparser = ["a988718abfad80b6b157acce7bf130a30876d27603738ac39f140993246b25b3"]
pynacl = ["05c26f93964373fc0abe332676cb6735f0ecad27711035b9472751faa8521255", "0c6100edd16fefd1557da078c7a31e7b7d7a52ce39fdca2bec29d4f7b6e7600c", "0d0a8171a68edf51add1e73d2159c4bc19fc0718e79dec51166e940856c2f28e", "1c780712b206317a746ace34c209b8c29dbfd841dfbc02aa27f2084dd3db77ae", "2424c8b9f41aa65bbdbd7a64e73a7450ebb4aa9ddedc6a081e7afcc4c97f7621", "2d23c04e8d709444220557ae48ed01f3f1086439f12dbf11976e849a4926db56", "30f36a9c70450c7878053fa1344aca0145fd47d845270b43a7ee9192a051bf39", "37aa336a317209f1bb099ad177fef0da45be36a2aa664507c5d72015f956c310", "4943decfc5b905748f0756fdd99d4f9498d7064815c4cf3643820c9028b711d1", "53126cd91356342dcae7e209f840212a58dcf1177ad52c1d938d428eebc9fee5", "57ef38a65056e7800859e5ba9e6091053cd06e1038983016effaffe0efcd594a", "5bd61e9b44c543016ce1f6aef48606280e45f892a928ca7068fba30021e9b786", "6482d3017a0c0327a49dddc8bd1074cc730d45db2ccb09c3bac1f8f32d1eb61b", "7d3ce02c0784b7cbcc771a2da6ea51f87e8716004512493a2b69016326301c3b", "a14e499c0f5955dcc3991f785f3f8e2130ed504fa3a7f44009ff458ad6bdd17f", "a39f54ccbcd2757d1d63b0ec00a00980c0b382c62865b61a505163943624ab20", "aabb0c5232910a20eec8563503c153a8e78bbf5459490c49ab31f6adf3f3a415", "bd4ecb473a96ad0f90c20acba4f0bf0df91a4e03a1f4dd6a4bdc9ca75aa3a715", "bf459128feb543cfca16a95f8da31e2e65e4c5257d2f3dfa8c0c1031139c9c92", "e2da3c13307eac601f3de04887624939aca8ee3c9488a0bb0eca4fb9401fc6b1", "f67814c38162f4deb31f68d590771a29d5ae3b1bd64b75cf232308e5c74777e0"]
random2 = ["34ad30aac341039872401595df9ab2c9dc36d0b7c077db1cea9ade430ed1c007"]
requests = ["11e007a8a2aa0323f5a921e9e6a2d7e4e67d9877e85773fba9ba6419025cbeb4", "9cf5292fcd0f598c671cfc1e0d7d1a7f13bb8085e9a590f48c010551dc6c4b31"]
rsa = ["14ba45700ff1ec9eeb206a2ce76b32814958a98e372006c8fb76ba820211be66", "1a836406405730121ae9823e19c6e806c62bbad73f890574fff50efa4122c487"]
simpleeval = ["692055488c2864637f6c2edb5fa48175978a2a07318009e7cf03c9790ca17bea"]
six = ["236bdbdce46e6e6a3d61a337c0f8b763ca1e8717c03b369e87a7ec7ce1319c0a", "8f3cd2e254d8f793e7f3d6d9df77b92252b52637291d0f0da013c76ea2724b6c"]
update-checker = ["59cfad7f9a0ee99f95f1dfc60f55bf184937bcab46a7270341c2c33695572453", "70e39446fccf77b21192cf7a8214051fa93a636dc3b5c8b602b589d100a168b8"]
uritemplate = ["07620c3f3f8eed1f12600845892b0e036a2420acf513c53f7de0abd911a5894f", "5af8ad10cec94f215e3f48112de2022e1d5a37ed427fbd88652fa908f2ab7cae"]
urllib3 = ["2f3db8b19923a873b3e5256dc9c2dedfa883e33d87c690d9c7913e1f40673cdc", "87716c2d2a7121198ebcb7ce7cccf6ce5e9ba539041cfbaeecfb641dc0bf6acc"]
websocket-client = ["0fc45c961324d79c781bab301359d5a1b00b13ad1b10415a4780229ef71a5549", "d735b91d6d1692a6a181f2a8c9e0238e5f6373356f561bb9dc4c7af36f452010"]
websockets = ["0e2f7d6567838369af074f0ef4d0b802d19fa1fee135d864acc656ceefa33136", "2a16dac282b2fdae75178d0ed3d5b9bc3258dabfae50196cbb30578d84b6f6a6", "5a1fa6072405648cb5b3688e9ed3b94be683ce4a4e5723e6f5d34859dee495c1", "5c1f55a1274df9d6a37553fef8cff2958515438c58920897675c9bc70f5a0538", "669d1e46f165e0ad152ed8197f7edead22854a6c90419f544e0f234cc9dac6c4", "695e34c4dbea18d09ab2c258994a8bf6a09564e762655408241f6a14592d2908", "6b2e03d69afa8d20253455e67b64de1a82ff8612db105113cccec35d3f8429f0", "79ca7cdda7ad4e3663ea3c43bfa8637fc5d5604c7737f19a8964781abbd1148d", "7fd2dd9a856f72e6ed06f82facfce01d119b88457cd4b47b7ae501e8e11eba9c", "82c0354ac39379d836719a77ee360ef865377aa6fdead87909d50248d0f05f4d", "8f3b956d11c5b301206382726210dc1d3bee1a9ccf7aadf895aaf31f71c3716c", "91ec98640220ae05b34b79ee88abf27f97ef7c61cf525eec57ea8fcea9f7dddb", "952be9540d83dba815569d5cb5f31708801e0bbfc3a8c5aef1890b57ed7e58bf", "99ac266af38ba1b1fe13975aea01ac0e14bb5f3a3200d2c69f05385768b8568e", "9fa122e7adb24232247f8a89f2d9070bf64b7869daf93ac5e19546b409e47e96", "a0873eadc4b8ca93e2e848d490809e0123eea154aa44ecd0109c4d0171869584", "cb998bd4d93af46b8b49ecf5a72c0a98e5cc6d57fdca6527ba78ad89d6606484", "e02e57346f6a68523e3c43bbdf35dde5c440318d1f827208ae455f6a2ace446d", "e79a5a896bcee7fff24a788d72e5c69f13e61369d055f28113e71945a7eb1559", "ee55eb6bcf23ecc975e6b47c127c201b913598f38b6a300075f84eeef2d3baff", "f1414e6cbcea8d22843e7eafdfdfae3dd1aba41d1945f6ca66e4806c07c4f454"]
yarl = ["0c2ab325d33f1b824734b3ef51d4d54a54e0e7a23d13b86974507602334c2cce", "0ca2f395591bbd85ddd50a82eb1fde9c1066fafe888c5c7cc1d810cf03fd3cc6", "2098a4b4b9d75ee352807a95cdf5f10180db903bc5b7270715c6bbe2551f64ce", "25e66e5e2007c7a39541ca13b559cd8ebc2ad8fe00ea94a2aad28a9b1e44e5ae", "26d7c90cb04dee1665282a5d1a998defc1a9e012fdca0f33396f81508f49696d", "308b98b0c8cd1dfef1a0311dc5e38ae8f9b58349226aa0533f15a16717ad702f", "3ce3d4f7c6b69c4e4f0704b32eca8123b9c58ae91af740481aa57d7857b5e41b", "58cd9c469eced558cd81aa3f484b2924e8897049e06889e8ff2510435b7ef74b", "5b10eb0e7f044cf0b035112446b26a3a2946bca9d7d7edb5e54a2ad2f6652abb", "6faa19d3824c21bcbfdfce5171e193c8b4ddafdf0ac3f129ccf0cdfcb083e462", "944494be42fa630134bf907714d40207e646fd5a94423c90d5b514f7b0713fea", "a161de7e50224e8e3de6e184707476b5a989037dcb24292b391a3d66ff158e70", "a4844ebb2be14768f7994f2017f70aca39d658a96c786211be5ddbe1c68794c1", "c2b509ac3d4b988ae8769901c66345425e361d518aecbe4acbfc2567e416626a", "c9959d49a77b0e07559e579f38b2f3711c2b8716b8410b320bf9713013215a1b", "d8cdee92bc930d8b09d8bd2043cedd544d9c8bd7436a77678dd602467a993080", "e15199cdb423316e15f108f51249e44eb156ae5dba232cb73be555324a1d49c2"]
youtube-dl = ["3ba838c943744cd4f1669f74328b9c0f7814145b92dfcf59c3278caf8175886f", "82189f971fbe3f4b2e66a9aba7fb5bdd1b4b8c0876d7cd55382045f5555a5e44"]
